
Microsoft Visual Studio Solution File, Format Version 12.00
# Visual Studio 14
VisualStudioVersion = 14.0.25420.1
MinimumVisualStudioVersion = 10.0.40219.1
Project("{FAE04EC0-301F-11D3-BF4B-00C04F79EFBC}") = "GoReactSignUpAndLogIn", "ClassLibrary1\GoReactSignUpAndLogIn.csproj", "{5317E0BD-3890-4C13-9D45-36D6D130A80B}"
EndProject
Global
	GlobalSection(SolutionConfigurationPlatforms) = preSolution
		Debug|Any CPU = Debug|Any CPU
		Release|Any CPU = Release|Any CPU
	EndGlobalSection
	GlobalSection(ProjectConfigurationPlatforms) = postSolution
		{5317E0BD-3890-4C13-9D45-36D6D130A80B}.Debug|Any CPU.ActiveCfg = Debug|Any CPU
		{5317E0BD-3890-4C13-9D45-36D6D130A80B}.Debug|Any CPU.Build.0 = Debug|Any CPU
		{5317E0BD-3890-4C13-9D45-36D6D130A80B}.Release|Any CPU.ActiveCfg = Release|Any CPU
		{5317E0BD-3890-4C13-9D45-36D6D130A80B}.Release|Any CPU.Build.0 = Release|Any CPU
	EndGlobalSection
	GlobalSection(SolutionProperties) = preSolution
		HideSolutionNode = FALSE
	EndGlobalSection
EndGlobal
